
Microsoft Visual Studio Solution File, Format Version 12.00
# Visual Studio Version 16
VisualStudioVersion = 16.0.30413.136
MinimumVisualStudioVersion = 10.0.40219.1
Project("{FAE04EC0-301F-11D3-BF4B-00C04F79EFBC}") = "CAI_Ejercicio1", "CAI_Ejercicio1\CAI_Ejercicio1.csproj", "{C236DED2-C36B-4D15-87D4-AD4B615B6591}"
EndProject
Global
	GlobalSection(SolutionConfigurationPlatforms) = preSolution
		Debug|Any CPU = Debug|Any CPU
		Release|Any CPU = Release|Any CPU
	EndGlobalSection
	GlobalSection(ProjectConfigurationPlatforms) = postSolution
		{C236DED2-C36B-4D15-87D4-AD4B615B6591}.Debug|Any CPU.ActiveCfg = Debug|Any CPU
		{C236DED2-C36B-4D15-87D4-AD4B615B6591}.Debug|Any CPU.Build.0 = Debug|Any CPU
		{C236DED2-C36B-4D15-87D4-AD4B615B6591}.Release|Any CPU.ActiveCfg = Release|Any CPU
		{C236DED2-C36B-4D15-87D4-AD4B615B6591}.Release|Any CPU.Build.0 = Release|Any CPU
	EndGlobalSection
	GlobalSection(SolutionProperties) = preSolution
		HideSolutionNode = FALSE
	EndGlobalSection
	GlobalSection(ExtensibilityGlobals) = postSolution
		SolutionGuid = {2B16EF10-CB05-486F-B85F-08CCEABF6266}
	EndGlobalSection
EndGlobal
